
Microsoft Visual Studio Solution File, Format Version 12.00
# Visual Studio Version 17
VisualStudioVersion = 17.13.35919.96 d17.13
MinimumVisualStudioVersion = 10.0.40219.1
Project("{FAE04EC0-301F-11D3-BF4B-00C04F79EFBC}") = "AtlantPrograma", "AtlantPrograma.csproj", "{A7610BB8-DBB9-4C0C-8442-BD5D77F32543}"
EndProject
Global
	GlobalSection(SolutionConfigurationPlatforms) = preSolution
		Debug|Any CPU = Debug|Any CPU
		Release|Any CPU = Release|Any CPU
	EndGlobalSection
	GlobalSection(ProjectConfigurationPlatforms) = postSolution
		{A7610BB8-DBB9-4C0C-8442-BD5D77F32543}.Debug|Any CPU.ActiveCfg = Debug|Any CPU
		{A7610BB8-DBB9-4C0C-8442-BD5D77F32543}.Debug|Any CPU.Build.0 = Debug|Any CPU
		{A7610BB8-DBB9-4C0C-8442-BD5D77F32543}.Release|Any CPU.ActiveCfg = Release|Any CPU
		{A7610BB8-DBB9-4C0C-8442-BD5D77F32543}.Release|Any CPU.Build.0 = Release|Any CPU
	EndGlobalSection
	GlobalSection(SolutionProperties) = preSolution
		HideSolutionNode = FALSE
	EndGlobalSection
	GlobalSection(ExtensibilityGlobals) = postSolution
		SolutionGuid = {A3A12406-E252-449E-8405-B22C66B2C21E}
	EndGlobalSection
EndGlobal
